PODS:
  - GoogleWebRTC (1.1.27828)
  - OCMock (3.5)

DEPENDENCIES:
  - GoogleWebRTC
  - OCMock

SPEC REPOS:
  https://github.com/cocoapods/specs.git:
    - GoogleWebRTC
    - OCMock

SPEC CHECKSUMS:
  GoogleWebRTC: 55e46bee9ac2a4961542e9571bea589b64493f45
  OCMock: 4ab4577fc941af31f4a0398f6e7e230cf21fc72a

PODFILE CHECKSUM: 11c261ab0cdd1d4356014c5d7722926dbbb14c6d

COCOAPODS: 1.7.5
